
Microsoft Visual Studio Solution File, Format Version 12.00
# Visual Studio Version 17
VisualStudioVersion = 17.2.32616.157
MinimumVisualStudioVersion = 10.0.40219.1
Project("{FAE04EC0-301F-11D3-BF4B-00C04F79EFBC}") = "Controller", "Controller\Controller.csproj", "{986B6570-2410-4FAC-A52A-612BF687566B}"
EndProject
Project("{FAE04EC0-301F-11D3-BF4B-00C04F79EFBC}") = "UnitTest", "UnitTest\UnitTest.csproj", "{3145A84F-4CFC-4E28-9699-284185A9AA2A}"
EndProject
Project("{FAE04EC0-301F-11D3-BF4B-00C04F79EFBC}") = "Business", "Business\Business.csproj", "{2FCB3065-9058-4B13-B090-38175198C0EA}"
EndProject
Project("{FAE04EC0-301F-11D3-BF4B-00C04F79EFBC}") = "Infrastructure", "Infrastructure\Infrastructure.csproj", "{BBF6FD89-1240-47F0-94BA-F1F50B8C7468}"
EndProject
Project("{FAE04EC0-301F-11D3-BF4B-00C04F79EFBC}") = "Domain", "Domain\Domain.csproj", "{9A8C346C-00B7-40C3-979F-E89E63CCA475}"
EndProject
Global
	GlobalSection(SolutionConfigurationPlatforms) = preSolution
		Debug|Any CPU = Debug|Any CPU
		Release|Any CPU = Release|Any CPU
	EndGlobalSection
	GlobalSection(ProjectConfigurationPlatforms) = postSolution
		{986B6570-2410-4FAC-A52A-612BF687566B}.Debug|Any CPU.ActiveCfg = Debug|Any CPU
		{986B6570-2410-4FAC-A52A-612BF687566B}.Debug|Any CPU.Build.0 = Debug|Any CPU
		{986B6570-2410-4FAC-A52A-612BF687566B}.Release|Any CPU.ActiveCfg = Release|Any CPU
		{986B6570-2410-4FAC-A52A-612BF687566B}.Release|Any CPU.Build.0 = Release|Any CPU
		{3145A84F-4CFC-4E28-9699-284185A9AA2A}.Debug|Any CPU.ActiveCfg = Debug|Any CPU
		{3145A84F-4CFC-4E28-9699-284185A9AA2A}.Debug|Any CPU.Build.0 = Debug|Any CPU
		{3145A84F-4CFC-4E28-9699-284185A9AA2A}.Release|Any CPU.ActiveCfg = Release|Any CPU
		{3145A84F-4CFC-4E28-9699-284185A9AA2A}.Release|Any CPU.Build.0 = Release|Any CPU
		{2FCB3065-9058-4B13-B090-38175198C0EA}.Debug|Any CPU.ActiveCfg = Debug|Any CPU
		{2FCB3065-9058-4B13-B090-38175198C0EA}.Debug|Any CPU.Build.0 = Debug|Any CPU
		{2FCB3065-9058-4B13-B090-38175198C0EA}.Release|Any CPU.ActiveCfg = Release|Any CPU
		{2FCB3065-9058-4B13-B090-38175198C0EA}.Release|Any CPU.Build.0 = Release|Any CPU
		{BBF6FD89-1240-47F0-94BA-F1F50B8C7468}.Debug|Any CPU.ActiveCfg = Debug|Any CPU
		{BBF6FD89-1240-47F0-94BA-F1F50B8C7468}.Debug|Any CPU.Build.0 = Debug|Any CPU
		{BBF6FD89-1240-47F0-94BA-F1F50B8C7468}.Release|Any CPU.ActiveCfg = Release|Any CPU
		{BBF6FD89-1240-47F0-94BA-F1F50B8C7468}.Release|Any CPU.Build.0 = Release|Any CPU
		{9A8C346C-00B7-40C3-979F-E89E63CCA475}.Debug|Any CPU.ActiveCfg = Debug|Any CPU
		{9A8C346C-00B7-40C3-979F-E89E63CCA475}.Debug|Any CPU.Build.0 = Debug|Any CPU
		{9A8C346C-00B7-40C3-979F-E89E63CCA475}.Release|Any CPU.ActiveCfg = Release|Any CPU
		{9A8C346C-00B7-40C3-979F-E89E63CCA475}.Release|Any CPU.Build.0 = Release|Any CPU
	EndGlobalSection
	GlobalSection(SolutionProperties) = preSolution
		HideSolutionNode = FALSE
	EndGlobalSection
	GlobalSection(ExtensibilityGlobals) = postSolution
		SolutionGuid = {3B2CFAF8-D123-40A6-8B84-CEAFC0132FD6}
	EndGlobalSection
EndGlobal
